
Microsoft Visual Studio Solution File, Format Version 12.00
# Visual Studio 15
VisualStudioVersion = 15.0.28307.757
MinimumVisualStudioVersion = 10.0.40219.1
Project("{FAE04EC0-301F-11D3-BF4B-00C04F79EFBC}") = "XlsxExportExample", "XlsxExportExample.csproj", "{AFF4E856-2E02-46C8-AA5D-E62526312909}"
EndProject
Global
	GlobalSection(SolutionConfigurationPlatforms) = preSolution
		Debug|Any CPU = Debug|Any CPU
		Release|Any CPU = Release|Any CPU
	EndGlobalSection
	GlobalSection(ProjectConfigurationPlatforms) = postSolution
		{AFF4E856-2E02-46C8-AA5D-E62526312909}.Debug|Any CPU.ActiveCfg = Debug|Any CPU
		{AFF4E856-2E02-46C8-AA5D-E62526312909}.Debug|Any CPU.Build.0 = Debug|Any CPU
		{AFF4E856-2E02-46C8-AA5D-E62526312909}.Release|Any CPU.ActiveCfg = Release|Any CPU
		{AFF4E856-2E02-46C8-AA5D-E62526312909}.Release|Any CPU.Build.0 = Release|Any CPU
		EndGlobalSection
	GlobalSection(SolutionProperties) = preSolution
		HideSolutionNode = FALSE
	EndGlobalSection
	GlobalSection(ExtensibilityGlobals) = postSolution
		SolutionGuid = {A28307E9-5FA5-4821-97AE-260BBBA25F49}
	EndGlobalSection
EndGlobal
